
Microsoft Visual Studio Solution File, Format Version 12.00
# Visual Studio 15
VisualStudioVersion = 15.0.28307.271
MinimumVisualStudioVersion = 10.0.40219.1
Project("{FAE04EC0-301F-11D3-BF4B-00C04F79EFBC}") = "Calculator", "Calculator\Calculator.csproj", "{812C8AED-465B-4DF7-B13A-1FA59DD45F62}"
EndProject
Project("{FAE04EC0-301F-11D3-BF4B-00C04F79EFBC}") = "Calculator.Tests", "Calculator.Tests\Calculator.Tests.csproj", "{920F4CE0-F711-4FC1-939E-26DE1BFB7749}"
EndProject
Global
	GlobalSection(SolutionConfigurationPlatforms) = preSolution
		Debug|Any CPU = Debug|Any CPU
		Release|Any CPU = Release|Any CPU
	EndGlobalSection
	GlobalSection(ProjectConfigurationPlatforms) = postSolution
		{812C8AED-465B-4DF7-B13A-1FA59DD45F62}.Debug|Any CPU.ActiveCfg = Debug|Any CPU
		{812C8AED-465B-4DF7-B13A-1FA59DD45F62}.Debug|Any CPU.Build.0 = Debug|Any CPU
		{812C8AED-465B-4DF7-B13A-1FA59DD45F62}.Release|Any CPU.ActiveCfg = Release|Any CPU
		{812C8AED-465B-4DF7-B13A-1FA59DD45F62}.Release|Any CPU.Build.0 = Release|Any CPU
		{920F4CE0-F711-4FC1-939E-26DE1BFB7749}.Debug|Any CPU.ActiveCfg = Debug|Any CPU
		{920F4CE0-F711-4FC1-939E-26DE1BFB7749}.Debug|Any CPU.Build.0 = Debug|Any CPU
		{920F4CE0-F711-4FC1-939E-26DE1BFB7749}.Release|Any CPU.ActiveCfg = Release|Any CPU
		{920F4CE0-F711-4FC1-939E-26DE1BFB7749}.Release|Any CPU.Build.0 = Release|Any CPU
	EndGlobalSection
	GlobalSection(SolutionProperties) = preSolution
		HideSolutionNode = FALSE
	EndGlobalSection
	GlobalSection(ExtensibilityGlobals) = postSolution
		SolutionGuid = {D36D7525-2583-46C2-ABF1-3FFA93E0864A}
	EndGlobalSection
EndGlobal
